
Microsoft Visual Studio Solution File, Format Version 12.00
# Visual Studio Version 17
VisualStudioVersion = 17.14.36310.24 d17.14
MinimumVisualStudioVersion = 10.0.40219.1
Project("{FAE04EC0-301F-11D3-BF4B-00C04F79EFBC}") = "CommentWebSocketPlugin", "CommentWebSocketPlugin.csproj", "{51030B7C-D5C4-4ECB-A60D-FB3F01C645F9}"
EndProject
Global
	GlobalSection(SolutionConfigurationPlatforms) = preSolution
		Debug|Any CPU = Debug|Any CPU
		Debug|x64 = Debug|x64
		Release|Any CPU = Release|Any CPU
		Release|x64 = Release|x64
	EndGlobalSection
	GlobalSection(ProjectConfigurationPlatforms) = postSolution
		{51030B7C-D5C4-4ECB-A60D-FB3F01C645F9}.Debug|Any CPU.ActiveCfg = Debug|Any CPU
		{51030B7C-D5C4-4ECB-A60D-FB3F01C645F9}.Debug|Any CPU.Build.0 = Debug|Any CPU
		{51030B7C-D5C4-4ECB-A60D-FB3F01C645F9}.Debug|x64.ActiveCfg = Debug|x64
		{51030B7C-D5C4-4ECB-A60D-FB3F01C645F9}.Debug|x64.Build.0 = Debug|x64
		{51030B7C-D5C4-4ECB-A60D-FB3F01C645F9}.Release|Any CPU.ActiveCfg = Release|Any CPU
		{51030B7C-D5C4-4ECB-A60D-FB3F01C645F9}.Release|Any CPU.Build.0 = Release|Any CPU
		{51030B7C-D5C4-4ECB-A60D-FB3F01C645F9}.Release|x64.ActiveCfg = Release|x64
		{51030B7C-D5C4-4ECB-A60D-FB3F01C645F9}.Release|x64.Build.0 = Release|x64
	EndGlobalSection
	GlobalSection(SolutionProperties) = preSolution
		HideSolutionNode = FALSE
	EndGlobalSection
	GlobalSection(ExtensibilityGlobals) = postSolution
		SolutionGuid = {7BE5FF38-02E3-4730-9971-11F44C2CA60B}
	EndGlobalSection
EndGlobal
